
Microsoft Visual Studio Solution File, Format Version 12.00
# Visual Studio Version 16
VisualStudioVersion = 16.0.30320.27
MinimumVisualStudioVersion = 10.0.40219.1
Project("{8BC9CEB8-8B4A-11D0-8D11-00A0C91BC942}") = "MainApp", "MainApp\MainApp.vcxproj", "{999BB9B8-F7E2-49B1-92AA-0C60DF2240DF}"
EndProject
Project("{8BC9CEB8-8B4A-11D0-8D11-00A0C91BC942}") = "Dependency", "Dependency\Dependency.vcxproj", "{8C1C01E4-F000-4388-A58B-85C928C4A789}"
EndProject
Global
	GlobalSection(SolutionConfigurationPlatforms) = preSolution
		Debug|x64 = Debug|x64
		Debug|x86 = Debug|x86
		Release|x64 = Release|x64
		Release|x86 = Release|x86
	EndGlobalSection
	GlobalSection(ProjectConfigurationPlatforms) = postSolution
		{999BB9B8-F7E2-49B1-92AA-0C60DF2240DF}.Debug|x64.ActiveCfg = Debug|x64
		{999BB9B8-F7E2-49B1-92AA-0C60DF2240DF}.Debug|x64.Build.0 = Debug|x64
		{999BB9B8-F7E2-49B1-92AA-0C60DF2240DF}.Debug|x86.ActiveCfg = Debug|Win32
		{999BB9B8-F7E2-49B1-92AA-0C60DF2240DF}.Debug|x86.Build.0 = Debug|Win32
		{999BB9B8-F7E2-49B1-92AA-0C60DF2240DF}.Release|x64.ActiveCfg = Release|x64
		{999BB9B8-F7E2-49B1-92AA-0C60DF2240DF}.Release|x64.Build.0 = Release|x64
		{999BB9B8-F7E2-49B1-92AA-0C60DF2240DF}.Release|x86.ActiveCfg = Release|Win32
		{999BB9B8-F7E2-49B1-92AA-0C60DF2240DF}.Release|x86.Build.0 = Release|Win32
		{8C1C01E4-F000-4388-A58B-85C928C4A789}.Debug|x64.ActiveCfg = Debug|x64
		{8C1C01E4-F000-4388-A58B-85C928C4A789}.Debug|x64.Build.0 = Debug|x64
		{8C1C01E4-F000-4388-A58B-85C928C4A789}.Debug|x86.ActiveCfg = Debug|Win32
		{8C1C01E4-F000-4388-A58B-85C928C4A789}.Debug|x86.Build.0 = Debug|Win32
		{8C1C01E4-F000-4388-A58B-85C928C4A789}.Release|x64.ActiveCfg = Release|x64
		{8C1C01E4-F000-4388-A58B-85C928C4A789}.Release|x64.Build.0 = Release|x64
		{8C1C01E4-F000-4388-A58B-85C928C4A789}.Release|x86.ActiveCfg = Release|Win32
		{8C1C01E4-F000-4388-A58B-85C928C4A789}.Release|x86.Build.0 = Release|Win32
	EndGlobalSection
	GlobalSection(SolutionProperties) = preSolution
		HideSolutionNode = FALSE
	EndGlobalSection
	GlobalSection(ExtensibilityGlobals) = postSolution
		SolutionGuid = {5D20BB66-2CAF-447F-97B0-CC021C250B7D}
	EndGlobalSection
EndGlobal
